
Microsoft Visual Studio Solution File, Format Version 12.00
Project("{FAE04EC0-301F-11D3-BF4B-00C04F79EFBC}") = "HomeWork49", "HomeWork49.csproj", "{B5DD1763-A983-4593-99BF-29CCA531CC5A}"
EndProject
Global
	GlobalSection(SolutionConfigurationPlatforms) = preSolution
		Debug|Any CPU = Debug|Any CPU
		Release|Any CPU = Release|Any CPU
	EndGlobalSection
	GlobalSection(ProjectConfigurationPlatforms) = postSolution
		{B5DD1763-A983-4593-99BF-29CCA531CC5A}.Debug|Any CPU.ActiveCfg = Debug|Any CPU
		{B5DD1763-A983-4593-99BF-29CCA531CC5A}.Debug|Any CPU.Build.0 = Debug|Any CPU
		{B5DD1763-A983-4593-99BF-29CCA531CC5A}.Release|Any CPU.ActiveCfg = Release|Any CPU
		{B5DD1763-A983-4593-99BF-29CCA531CC5A}.Release|Any CPU.Build.0 = Release|Any CPU
	EndGlobalSection
EndGlobal
